PODS:
  - Realm (10.28.2):
    - Realm/Headers (= 10.28.2)
  - Realm/Headers (10.28.2)
  - RealmSwift (10.28.2):
    - Realm (= 10.28.2)
  - SPAlert (4.2.0)

DEPENDENCIES:
  - RealmSwift (~> 10)
  - SPAlert

SPEC REPOS:
  trunk:
    - Realm
    - RealmSwift
    - SPAlert

SPEC CHECKSUMS:
  Realm: e617c54ad0f566b3d0f6a2abae7010de05f252ac
  RealmSwift: 8a516a8759d80d52ebcec1ff1076f5f5159f98b2
  SPAlert: 735da1f16a887e294719217572ce1f936d8c8782

PODFILE CHECKSUM: 248f4338a5caa3e517663d59a5a9cf85e8e21008

COCOAPODS: 1.11.3
